
Microsoft Visual Studio Solution File, Format Version 12.00
# Visual Studio Version 17
VisualStudioVersion = 17.9.34728.123
MinimumVisualStudioVersion = 10.0.40219.1
Project("{9A19103F-16F7-4668-BE54-9A1E7A4F7556}") = "Devblog", "Devblog\Devblog.csproj", "{D23F23E2-6F89-44CD-8F7E-F3B04DCE03EA}"
EndProject
Project("{9A19103F-16F7-4668-BE54-9A1E7A4F7556}") = "Devblog_Library", "Devblog_Library\Devblog_Library\Devblog_Library.csproj", "{1AB9BEB9-7A88-4930-9E42-46294CD59631}"
EndProject
Project("{9A19103F-16F7-4668-BE54-9A1E7A4F7556}") = "Devblog_UnitTest", "Devblog_UnitTest\Devblog_UnitTest.csproj", "{CE4A81B3-4D57-4421-8CA2-CE4F872CA845}"
EndProject
Global
	GlobalSection(SolutionConfigurationPlatforms) = preSolution
		Debug|Any CPU = Debug|Any CPU
		Release|Any CPU = Release|Any CPU
	EndGlobalSection
	GlobalSection(ProjectConfigurationPlatforms) = postSolution
		{D23F23E2-6F89-44CD-8F7E-F3B04DCE03EA}.Debug|Any CPU.ActiveCfg = Debug|Any CPU
		{D23F23E2-6F89-44CD-8F7E-F3B04DCE03EA}.Debug|Any CPU.Build.0 = Debug|Any CPU
		{D23F23E2-6F89-44CD-8F7E-F3B04DCE03EA}.Release|Any CPU.ActiveCfg = Release|Any CPU
		{D23F23E2-6F89-44CD-8F7E-F3B04DCE03EA}.Release|Any CPU.Build.0 = Release|Any CPU
		{1AB9BEB9-7A88-4930-9E42-46294CD59631}.Debug|Any CPU.ActiveCfg = Debug|Any CPU
		{1AB9BEB9-7A88-4930-9E42-46294CD59631}.Debug|Any CPU.Build.0 = Debug|Any CPU
		{1AB9BEB9-7A88-4930-9E42-46294CD59631}.Release|Any CPU.ActiveCfg = Release|Any CPU
		{1AB9BEB9-7A88-4930-9E42-46294CD59631}.Release|Any CPU.Build.0 = Release|Any CPU
		{CE4A81B3-4D57-4421-8CA2-CE4F872CA845}.Debug|Any CPU.ActiveCfg = Debug|Any CPU
		{CE4A81B3-4D57-4421-8CA2-CE4F872CA845}.Debug|Any CPU.Build.0 = Debug|Any CPU
		{CE4A81B3-4D57-4421-8CA2-CE4F872CA845}.Release|Any CPU.ActiveCfg = Release|Any CPU
		{CE4A81B3-4D57-4421-8CA2-CE4F872CA845}.Release|Any CPU.Build.0 = Release|Any CPU
	EndGlobalSection
	GlobalSection(SolutionProperties) = preSolution
		HideSolutionNode = FALSE
	EndGlobalSection
	GlobalSection(ExtensibilityGlobals) = postSolution
		SolutionGuid = {410A75E9-FCFB-42CE-88DC-51B8D90C8F05}
	EndGlobalSection
EndGlobal
